
Microsoft Visual Studio Solution File, Format Version 12.00
# Visual Studio Version 17
VisualStudioVersion = 17.14.36121.58
MinimumVisualStudioVersion = 10.0.40219.1
Project("{54A90642-561A-4BB1-A94E-469ADEE60C69}") = "reactclient", "ReactClient\reactclient.esproj", "{3DAD034F-D828-0AF3-E40C-70CAB525D906}"
EndProject
Project("{FAE04EC0-301F-11D3-BF4B-00C04F79EFBC}") = "ShortenURLService", "ShortentURLService\ShortenURLService.csproj", "{6CA858F3-BDDA-7A42-00C7-BE005818847C}"
EndProject
Project("{FAE04EC0-301F-11D3-BF4B-00C04F79EFBC}") = "AuthDemo", "AuthService\AuthDemo.csproj", "{461A181F-3F01-09FC-D01D-7C1FD4BF21B2}"
EndProject
Project("{FAE04EC0-301F-11D3-BF4B-00C04F79EFBC}") = "OcelotGateway", "OcelotGateway\OcelotGateway\OcelotGateway.csproj", "{B22973CB-73C2-45D1-8FD1-0EB9D3700479}"
EndProject
Global
	GlobalSection(SolutionConfigurationPlatforms) = preSolution
		Debug|Any CPU = Debug|Any CPU
		Release|Any CPU = Release|Any CPU
	EndGlobalSection
	GlobalSection(ProjectConfigurationPlatforms) = postSolution
		{3DAD034F-D828-0AF3-E40C-70CAB525D906}.Debug|Any CPU.ActiveCfg = Debug|Any CPU
		{3DAD034F-D828-0AF3-E40C-70CAB525D906}.Debug|Any CPU.Build.0 = Debug|Any CPU
		{3DAD034F-D828-0AF3-E40C-70CAB525D906}.Debug|Any CPU.Deploy.0 = Debug|Any CPU
		{3DAD034F-D828-0AF3-E40C-70CAB525D906}.Release|Any CPU.ActiveCfg = Release|Any CPU
		{3DAD034F-D828-0AF3-E40C-70CAB525D906}.Release|Any CPU.Build.0 = Release|Any CPU
		{3DAD034F-D828-0AF3-E40C-70CAB525D906}.Release|Any CPU.Deploy.0 = Release|Any CPU
		{6CA858F3-BDDA-7A42-00C7-BE005818847C}.Debug|Any CPU.ActiveCfg = Debug|Any CPU
		{6CA858F3-BDDA-7A42-00C7-BE005818847C}.Debug|Any CPU.Build.0 = Debug|Any CPU
		{6CA858F3-BDDA-7A42-00C7-BE005818847C}.Release|Any CPU.ActiveCfg = Release|Any CPU
		{6CA858F3-BDDA-7A42-00C7-BE005818847C}.Release|Any CPU.Build.0 = Release|Any CPU
		{461A181F-3F01-09FC-D01D-7C1FD4BF21B2}.Debug|Any CPU.ActiveCfg = Debug|Any CPU
		{461A181F-3F01-09FC-D01D-7C1FD4BF21B2}.Debug|Any CPU.Build.0 = Debug|Any CPU
		{461A181F-3F01-09FC-D01D-7C1FD4BF21B2}.Release|Any CPU.ActiveCfg = Release|Any CPU
		{461A181F-3F01-09FC-D01D-7C1FD4BF21B2}.Release|Any CPU.Build.0 = Release|Any CPU
		{B22973CB-73C2-45D1-8FD1-0EB9D3700479}.Debug|Any CPU.ActiveCfg = Debug|Any CPU
		{B22973CB-73C2-45D1-8FD1-0EB9D3700479}.Debug|Any CPU.Build.0 = Debug|Any CPU
		{B22973CB-73C2-45D1-8FD1-0EB9D3700479}.Release|Any CPU.ActiveCfg = Release|Any CPU
		{B22973CB-73C2-45D1-8FD1-0EB9D3700479}.Release|Any CPU.Build.0 = Release|Any CPU
	EndGlobalSection
	GlobalSection(SolutionProperties) = preSolution
		HideSolutionNode = FALSE
	EndGlobalSection
	GlobalSection(ExtensibilityGlobals) = postSolution
		SolutionGuid = {56F1EEFD-6C4F-4DAB-A3FB-0CA457AC1138}
	EndGlobalSection
EndGlobal
