
Microsoft Visual Studio Solution File, Format Version 12.00
# Visual Studio Version 17
VisualStudioVersion = 17.14.36121.58 d17.14
MinimumVisualStudioVersion = 10.0.40219.1
Project("{FAE04EC0-301F-11D3-BF4B-00C04F79EFBC}") = "OcelotGateway", "OcelotGateway\OcelotGateway.csproj", "{347F38A0-05D5-458D-BCC9-77F34E3D41A4}"
EndProject
Global
	GlobalSection(SolutionConfigurationPlatforms) = preSolution
		Debug|Any CPU = Debug|Any CPU
		Release|Any CPU = Release|Any CPU
	EndGlobalSection
	GlobalSection(ProjectConfigurationPlatforms) = postSolution
		{347F38A0-05D5-458D-BCC9-77F34E3D41A4}.Debug|Any CPU.ActiveCfg = Debug|Any CPU
		{347F38A0-05D5-458D-BCC9-77F34E3D41A4}.Debug|Any CPU.Build.0 = Debug|Any CPU
		{347F38A0-05D5-458D-BCC9-77F34E3D41A4}.Release|Any CPU.ActiveCfg = Release|Any CPU
		{347F38A0-05D5-458D-BCC9-77F34E3D41A4}.Release|Any CPU.Build.0 = Release|Any CPU
	EndGlobalSection
	GlobalSection(SolutionProperties) = preSolution
		HideSolutionNode = FALSE
	EndGlobalSection
	GlobalSection(ExtensibilityGlobals) = postSolution
		SolutionGuid = {7FC26EDE-5D8B-4CFA-AF13-8F63B22B7121}
	EndGlobalSection
EndGlobal
